// !$*UTF8*$!
{
	archiveVersion = 1;
	classes = {
	};
	objectVersion = 48;
	objects = {

/* Begin PBXBuildFile section */
		1F99A9481F79F9AD00E3B445 /* AppDelegate.m in Sources */ = {isa = PBXBuildFile; fileRef = 1F99A9471F79F9AD00E3B445 /* AppDelegate.m */; };
		1F99A94B1F79F9AD00E3B445 /* ViewController.m in Sources */ = {isa = PBXBuildFile; fileRef = 1F99A94A1F79F9AD00E3B445 /* ViewController.m */; };
		1F99A94E1F79F9AD00E3B445 /* Main.storyboard in Resources */ = {isa = PBXBuildFile; fileRef = 1F99A94C1F79F9AD00E3B445 /* Main.storyboard */; };
		1F99A9501F79F9AD00E3B445 /* Assets.xcassets in Resources */ = {isa = PBXBuildFile; fileRef = 1F99A94F1F79F9AD00E3B445 /* Assets.xcassets */; };
		1F99A9531F79F9AD00E3B445 /* LaunchScreen.storyboard in Resources */ = {isa = PBXBuildFile; fileRef = 1F99A9511F79F9AD00E3B445 /* LaunchScreen.storyboard */; };
		1F99A9561F79F9AD00E3B445 /* main.m in Sources */ = {isa = PBXBuildFile; fileRef = 1F99A9551F79F9AD00E3B445 /* main.m */; };
		1F99AB251F79FBE000E3B445 /* SpecLabelCell.m in Sources */ = {isa = PBXBuildFile; fileRef = 1F99AB191F79FBDF00E3B445 /* SpecLabelCell.m */; };
		1F99AB261F79FBE000E3B445 /* BottomPopViewSKU.m in Sources */ = {isa = PBXBuildFile; fileRef = 1F99AB1F1F79FBE000E3B445 /* BottomPopViewSKU.m */; };
		1F99AB271F79FBE000E3B445 /* ProductCountCell.m in Sources */ = {isa = PBXBuildFile; fileRef = 1F99AB211F79FBE000E3B445 /* ProductCountCell.m */; };
		1F99AB281F79FBE000E3B445 /* SpecHeadView.m in Sources */ = {isa = PBXBuildFile; fileRef = 1F99AB221F79FBE000E3B445 /* SpecHeadView.m */; };
		1F99AB2F1F7A003C00E3B445 /* UICollectionViewLeftAlignedLayout.m in Sources */ = {isa = PBXBuildFile; fileRef = 1F99AB2E1F7A003C00E3B445 /* UICollectionViewLeftAlignedLayout.m */; };
		1F99AB321F7A0C6E00E3B445 /* 111.txt in Resources */ = {isa = PBXBuildFile; fileRef = 1F99AB311F7A0BF400E3B445 /* 111.txt */; };
		1F99AB331F7A0F1B00E3B445 /* BottomPopViewSKU.h in Resources */ = {isa = PBXBuildFile; fileRef = 1F99AB1D1F79FBE000E3B445 /* BottomPopViewSKU.h */; };
		1F99AB341F7A0F1B00E3B445 /* BottomPopViewSKU.m in Resources */ = {isa = PBXBuildFile; fileRef = 1F99AB1F1F79FBE000E3B445 /* BottomPopViewSKU.m */; };
		1F99AB351F7A0F1B00E3B445 /* BottomPopViewSKU.xib in Resources */ = {isa = PBXBuildFile; fileRef = 1F99AB1B1F79FBDF00E3B445 /* BottomPopViewSKU.xib */; };
		1F99AB361F7A0F6100E3B445 /* SpecHeadView.h in Resources */ = {isa = PBXBuildFile; fileRef = 1F99AB1C1F79FBE000E3B445 /* SpecHeadView.h */; };
		1F99AB371F7A0F6100E3B445 /* SpecHeadView.m in Resources */ = {isa = PBXBuildFile; fileRef = 1F99AB221F79FBE000E3B445 /* SpecHeadView.m */; };
		1F99AB381F7A0F6100E3B445 /* SpecHeadView.xib in Resources */ = {isa = PBXBuildFile; fileRef = 1F99AB1A1F79FBDF00E3B445 /* SpecHeadView.xib */; };
		1F99AB391F7A0F6100E3B445 /* SpecLabelCell.h in Resources */ = {isa = PBXBuildFile; fileRef = 1F99AB241F79FBE000E3B445 /* SpecLabelCell.h */; };
		1F99AB3A1F7A0F6100E3B445 /* SpecLabelCell.m in Resources */ = {isa = PBXBuildFile; fileRef = 1F99AB191F79FBDF00E3B445 /* SpecLabelCell.m */; };
		1F99AB3B1F7A0F6100E3B445 /* SpecLabelCell.xib in Resources */ = {isa = PBXBuildFile; fileRef = 1F99AB201F79FBE000E3B445 /* SpecLabelCell.xib */; };
		1F99AB3C1F7A0FA700E3B445 /* ProductCountCell.h in Resources */ = {isa = PBXBuildFile; fileRef = 1F99AB231F79FBE000E3B445 /* ProductCountCell.h */; };
		1F99AB3D1F7A0FA700E3B445 /* ProductCountCell.m in Resources */ = {isa = PBXBuildFile; fileRef = 1F99AB211F79FBE000E3B445 /* ProductCountCell.m */; };
		1F99AB3E1F7A0FA700E3B445 /* ProductCountCell.xib in Resources */ = {isa = PBXBuildFile; fileRef = 1F99AB1E1F79FBE000E3B445 /* ProductCountCell.xib */; };
/* End PBXBuildFile section */

/* Begin PBXFileReference section */
		1F99A9431F79F9AD00E3B445 /* SKUDemo.app */ = {isa = PBXFileReference; explicitFileType = wrapper.application; includeInIndex = 0; path = SKUDemo.app; sourceTree = BUILT_PRODUCTS_DIR; };
		1F99A9461F79F9AD00E3B445 /* AppDelegate.h */ = {isa = PBXFileReference; lastKnownFileType = sourcecode.c.h; path = AppDelegate.h; sourceTree = "<group>"; };
		1F99A9471F79F9AD00E3B445 /* AppDelegate.m */ = {isa = PBXFileReference; lastKnownFileType = sourcecode.c.objc; path = AppDelegate.m; sourceTree = "<group>"; };
		1F99A9491F79F9AD00E3B445 /* ViewController.h */ = {isa = PBXFileReference; lastKnownFileType = sourcecode.c.h; path = ViewController.h; sourceTree = "<group>"; };
		1F99A94A1F79F9AD00E3B445 /* ViewController.m */ = {isa = PBXFileReference; lastKnownFileType = sourcecode.c.objc; path = ViewController.m; sourceTree = "<group>"; };
		1F99A94D1F79F9AD00E3B445 /* Base */ = {isa = PBXFileReference; lastKnownFileType = file.storyboard; name = Base; path = Base.lproj/Main.storyboard; sourceTree = "<group>"; };
		1F99A94F1F79F9AD00E3B445 /* Assets.xcassets */ = {isa = PBXFileReference; lastKnownFileType = folder.assetcatalog; path = Assets.xcassets; sourceTree = "<group>"; };
		1F99A9521F79F9AD00E3B445 /* Base */ = {isa = PBXFileReference; lastKnownFileType = file.storyboard; name = Base; path = Base.lproj/LaunchScreen.storyboard; sourceTree = "<group>"; };
		1F99A9541F79F9AD00E3B445 /* Info.plist */ = {isa = PBXFileReference; lastKnownFileType = text.plist.xml; path = Info.plist; sourceTree = "<group>"; };
		1F99A9551F79F9AD00E3B445 /* main.m */ = {isa = PBXFileReference; lastKnownFileType = sourcecode.c.objc; path = main.m; sourceTree = "<group>"; };
		1F99AB191F79FBDF00E3B445 /* SpecLabelCell.m */ = {isa = PBXFileReference; lastKnownFileType = sourcecode.c.objc; path = SpecLabelCell.m; sourceTree = "<group>"; };
		1F99AB1A1F79FBDF00E3B445 /* SpecHeadView.xib */ = {isa = PBXFileReference; lastKnownFileType = file.xib; path = SpecHeadView.xib; sourceTree = "<group>"; };
		1F99AB1B1F79FBDF00E3B445 /* BottomPopViewSKU.xib */ = {isa = PBXFileReference; lastKnownFileType = file.xib; path = BottomPopViewSKU.xib; sourceTree = "<group>"; };
		1F99AB1C1F79FBE000E3B445 /* SpecHeadView.h */ = {isa = PBXFileReference; lastKnownFileType = sourcecode.c.h; path = SpecHeadView.h; sourceTree = "<group>"; };
		1F99AB1D1F79FBE000E3B445 /* BottomPopViewSKU.h */ = {isa = PBXFileReference; lastKnownFileType = sourcecode.c.h; path = BottomPopViewSKU.h; sourceTree = "<group>"; };
		1F99AB1E1F79FBE000E3B445 /* ProductCountCell.xib */ = {isa = PBXFileReference; lastKnownFileType = file.xib; path = ProductCountCell.xib; sourceTree = "<group>"; };
		1F99AB1F1F79FBE000E3B445 /* BottomPopViewSKU.m */ = {isa = PBXFileReference; lastKnownFileType = sourcecode.c.objc; path = BottomPopViewSKU.m; sourceTree = "<group>"; };
		1F99AB201F79FBE000E3B445 /* SpecLabelCell.xib */ = {isa = PBXFileReference; lastKnownFileType = file.xib; path = SpecLabelCell.xib; sourceTree = "<group>"; };
		1F99AB211F79FBE000E3B445 /* ProductCountCell.m */ = {isa = PBXFileReference; lastKnownFileType = sourcecode.c.objc; path = ProductCountCell.m; sourceTree = "<group>"; };
		1F99AB221F79FBE000E3B445 /* SpecHeadView.m */ = {isa = PBXFileReference; lastKnownFileType = sourcecode.c.objc; path = SpecHeadView.m; sourceTree = "<group>"; };
		1F99AB231F79FBE000E3B445 /* ProductCountCell.h */ = {isa = PBXFileReference; lastKnownFileType = sourcecode.c.h; path = ProductCountCell.h; sourceTree = "<group>"; };
		1F99AB241F79FBE000E3B445 /* SpecLabelCell.h */ = {isa = PBXFileReference; lastKnownFileType = sourcecode.c.h; path = SpecLabelCell.h; sourceTree = "<group>"; };
		1F99AB2D1F7A003C00E3B445 /* UICollectionViewLeftAlignedLayout.h */ = {isa = PBXFileReference; lastKnownFileType = sourcecode.c.h; path = UICollectionViewLeftAlignedLayout.h; sourceTree = "<group>"; };
		1F99AB2E1F7A003C00E3B445 /* UICollectionViewLeftAlignedLayout.m */ = {isa = PBXFileReference; lastKnownFileType = sourcecode.c.objc; path = UICollectionViewLeftAlignedLayout.m; sourceTree = "<group>"; };
		1F99AB311F7A0BF400E3B445 /* 111.txt */ = {isa = PBXFileReference; lastKnownFileType = text; path = 111.txt; sourceTree = "<group>"; };
/* End PBXFileReference section */

/* Begin PBXFrameworksBuildPhase section */
		1F99A9401F79F9AD00E3B445 /* Frameworks */ = {
			isa = PBXFrameworksBuildPhase;
			buildActionMask = 2147483647;
			files = (
			);
			runOnlyForDeploymentPostprocessing = 0;
		};
/* End PBXFrameworksBuildPhase section */

/* Begin PBXGroup section */
		1F99A93A1F79F9AD00E3B445 = {
			isa = PBXGroup;
			children = (
				1F99A9451F79F9AD00E3B445 /* SKUDemo */,
				1F99A9441F79F9AD00E3B445 /* Products */,
			);
			sourceTree = "<group>";
		};
		1F99A9441F79F9AD00E3B445 /* Products */ = {
			isa = PBXGroup;
			children = (
				1F99A9431F79F9AD00E3B445 /* SKUDemo.app */,
			);
			name = Products;
			sourceTree = "<group>";
		};
		1F99A9451F79F9AD00E3B445 /* SKUDemo */ = {
			isa = PBXGroup;
			children = (
				1F99A9541F79F9AD00E3B445 /* Info.plist */,
				1F99A9491F79F9AD00E3B445 /* ViewController.h */,
				1F99A94A1F79F9AD00E3B445 /* ViewController.m */,
				1F99AB2D1F7A003C00E3B445 /* UICollectionViewLeftAlignedLayout.h */,
				1F99AB2E1F7A003C00E3B445 /* UICollectionViewLeftAlignedLayout.m */,
				1F99AB311F7A0BF400E3B445 /* 111.txt */,
				1F99AB291F79FBE900E3B445 /* BottomPopView */,
				1F99A95C1F79F9BD00E3B445 /* Other */,
			);
			path = SKUDemo;
			sourceTree = "<group>";
		};
		1F99A95C1F79F9BD00E3B445 /* Other */ = {
			isa = PBXGroup;
			children = (
				1F99A9461F79F9AD00E3B445 /* AppDelegate.h */,
				1F99A9471F79F9AD00E3B445 /* AppDelegate.m */,
				1F99A94C1F79F9AD00E3B445 /* Main.storyboard */,
				1F99A94F1F79F9AD00E3B445 /* Assets.xcassets */,
				1F99A9511F79F9AD00E3B445 /* LaunchScreen.storyboard */,
				1F99A9551F79F9AD00E3B445 /* main.m */,
			);
			path = Other;
			sourceTree = "<group>";
		};
		1F99AB291F79FBE900E3B445 /* BottomPopView */ = {
			isa = PBXGroup;
			children = (
				1F99AB1D1F79FBE000E3B445 /* BottomPopViewSKU.h */,
				1F99AB1F1F79FBE000E3B445 /* BottomPopViewSKU.m */,
				1F99AB1B1F79FBDF00E3B445 /* BottomPopViewSKU.xib */,
				1F99AB231F79FBE000E3B445 /* ProductCountCell.h */,
				1F99AB211F79FBE000E3B445 /* ProductCountCell.m */,
				1F99AB1E1F79FBE000E3B445 /* ProductCountCell.xib */,
				1F99AB1C1F79FBE000E3B445 /* SpecHeadView.h */,
				1F99AB221F79FBE000E3B445 /* SpecHeadView.m */,
				1F99AB1A1F79FBDF00E3B445 /* SpecHeadView.xib */,
				1F99AB241F79FBE000E3B445 /* SpecLabelCell.h */,
				1F99AB191F79FBDF00E3B445 /* SpecLabelCell.m */,
				1F99AB201F79FBE000E3B445 /* SpecLabelCell.xib */,
			);
			path = BottomPopView;
			sourceTree = "<group>";
		};
/* End PBXGroup section */

/* Begin PBXNativeTarget section */
		1F99A9421F79F9AD00E3B445 /* SKUDemo */ = {
			isa = PBXNativeTarget;
			buildConfigurationList = 1F99A9591F79F9AD00E3B445 /* Build configuration list for PBXNativeTarget "SKUDemo" */;
			buildPhases = (
				1F99A93F1F79F9AD00E3B445 /* Sources */,
				1F99A9401F79F9AD00E3B445 /* Frameworks */,
				1F99A9411F79F9AD00E3B445 /* Resources */,
			);
			buildRules = (
			);
			dependencies = (
			);
			name = SKUDemo;
			productName = SKUDemo;
			productReference = 1F99A9431F79F9AD00E3B445 /* SKUDemo.app */;
			productType = "com.apple.product-type.application";
		};
/* End PBXNativeTarget section */

/* Begin PBXProject section */
		1F99A93B1F79F9AD00E3B445 /* Project object */ = {
			isa = PBXProject;
			attributes = {
				LastUpgradeCheck = 0900;
				ORGANIZATIONNAME = SJianye;
				TargetAttributes = {
					1F99A9421F79F9AD00E3B445 = {
						CreatedOnToolsVersion = 9.0;
						ProvisioningStyle = Automatic;
					};
				};
			};
			buildConfigurationList = 1F99A93E1F79F9AD00E3B445 /* Build configuration list for PBXProject "SKUDemo" */;
			compatibilityVersion = "Xcode 8.0";
			developmentRegion = en;
			hasScannedForEncodings = 0;
			knownRegions = (
				en,
				Base,
			);
			mainGroup = 1F99A93A1F79F9AD00E3B445;
			productRefGroup = 1F99A9441F79F9AD00E3B445 /* Products */;
			projectDirPath = "";
			projectRoot = "";
			targets = (
				1F99A9421F79F9AD00E3B445 /* SKUDemo */,
			);
		};
/* End PBXProject section */

/* Begin PBXResourcesBuildPhase section */
		1F99A9411F79F9AD00E3B445 /* Resources */ = {
			isa = PBXResourcesBuildPhase;
			buildActionMask = 2147483647;
			files = (
				1F99AB3C1F7A0FA700E3B445 /* ProductCountCell.h in Resources */,
				1F99AB3D1F7A0FA700E3B445 /* ProductCountCell.m in Resources */,
				1F99AB3E1F7A0FA700E3B445 /* ProductCountCell.xib in Resources */,
				1F99AB361F7A0F6100E3B445 /* SpecHeadView.h in Resources */,
				1F99AB371F7A0F6100E3B445 /* SpecHeadView.m in Resources */,
				1F99AB381F7A0F6100E3B445 /* SpecHeadView.xib in Resources */,
				1F99AB391F7A0F6100E3B445 /* SpecLabelCell.h in Resources */,
				1F99AB3A1F7A0F6100E3B445 /* SpecLabelCell.m in Resources */,
				1F99AB3B1F7A0F6100E3B445 /* SpecLabelCell.xib in Resources */,
				1F99AB331F7A0F1B00E3B445 /* BottomPopViewSKU.h in Resources */,
				1F99AB341F7A0F1B00E3B445 /* BottomPopViewSKU.m in Resources */,
				1F99AB351F7A0F1B00E3B445 /* BottomPopViewSKU.xib in Resources */,
				1F99A9531F79F9AD00E3B445 /* LaunchScreen.storyboard in Resources */,
				1F99A9501F79F9AD00E3B445 /* Assets.xcassets in Resources */,
				1F99A94E1F79F9AD00E3B445 /* Main.storyboard in Resources */,
				1F99AB321F7A0C6E00E3B445 /* 111.txt in Resources */,
			);
			runOnlyForDeploymentPostprocessing = 0;
		};
/* End PBXResourcesBuildPhase section */

/* Begin PBXSourcesBuildPhase section */
		1F99A93F1F79F9AD00E3B445 /* Sources */ = {
			isa = PBXSourcesBuildPhase;
			buildActionMask = 2147483647;
			files = (
				1F99A94B1F79F9AD00E3B445 /* ViewController.m in Sources */,
				1F99AB251F79FBE000E3B445 /* SpecLabelCell.m in Sources */,
				1F99A9561F79F9AD00E3B445 /* main.m in Sources */,
				1F99AB281F79FBE000E3B445 /* SpecHeadView.m in Sources */,
				1F99AB271F79FBE000E3B445 /* ProductCountCell.m in Sources */,
				1F99AB261F79FBE000E3B445 /* BottomPopViewSKU.m in Sources */,
				1F99AB2F1F7A003C00E3B445 /* UICollectionViewLeftAlignedLayout.m in Sources */,
				1F99A9481F79F9AD00E3B445 /* AppDelegate.m in Sources */,
			);
			runOnlyForDeploymentPostprocessing = 0;
		};
/* End PBXSourcesBuildPhase section */

/* Begin PBXVariantGroup section */
		1F99A94C1F79F9AD00E3B445 /* Main.storyboard */ = {
			isa = PBXVariantGroup;
			children = (
				1F99A94D1F79F9AD00E3B445 /* Base */,
			);
			name = Main.storyboard;
			sourceTree = "<group>";
		};
		1F99A9511F79F9AD00E3B445 /* LaunchScreen.storyboard */ = {
			isa = PBXVariantGroup;
			children = (
				1F99A9521F79F9AD00E3B445 /* Base */,
			);
			name = LaunchScreen.storyboard;
			sourceTree = "<group>";
		};
/* End PBXVariantGroup section */

/* Begin XCBuildConfiguration section */
		1F99A9571F79F9AD00E3B445 /* Debug */ = {
			isa = XCBuildConfiguration;
			buildSettings = {
				ALWAYS_SEARCH_USER_PATHS = NO;
				CLANG_ANALYZER_NONNULL = YES;
				CLANG_ANALYZER_NUMBER_OBJECT_CONVERSION = YES_AGGRESSIVE;
				CLANG_CXX_LANGUAGE_STANDARD = "gnu++14";
				CLANG_CXX_LIBRARY = "libc++";
				CLANG_ENABLE_MODULES = YES;
				CLANG_ENABLE_OBJC_ARC = YES;
				CLANG_WARN_BLOCK_CAPTURE_AUTORELEASING = YES;
				CLANG_WARN_BOOL_CONVERSION = YES;
				CLANG_WARN_COMMA = YES;
				CLANG_WARN_CONSTANT_CONVERSION = YES;
				CLANG_WARN_DIRECT_OBJC_ISA_USAGE = YES_ERROR;
				CLANG_WARN_DOCUMENTATION_COMMENTS = YES;
				CLANG_WARN_EMPTY_BODY = YES;
				CLANG_WARN_ENUM_CONVERSION = YES;
				CLANG_WARN_INFINITE_RECURSION = YES;
				CLANG_WARN_INT_CONVERSION = YES;
				CLANG_WARN_NON_LITERAL_NULL_CONVERSION = YES;
				CLANG_WARN_OBJC_LITERAL_CONVERSION = YES;
				CLANG_WARN_OBJC_ROOT_CLASS = YES_ERROR;
				CLANG_WARN_RANGE_LOOP_ANALYSIS = YES;
				CLANG_WARN_STRICT_PROTOTYPES = YES;
				CLANG_WARN_SUSPICIOUS_MOVE = YES;
				CLANG_WARN_UNGUARDED_AVAILABILITY = YES_AGGRESSIVE;
				CLANG_WARN_UNREACHABLE_CODE = YES;
				CLANG_WARN__DUPLICATE_METHOD_MATCH = YES;
				CODE_SIGN_IDENTITY = "iPhone Developer";
				COPY_PHASE_STRIP = NO;
				DEBUG_INFORMATION_FORMAT = dwarf;
				ENABLE_STRICT_OBJC_MSGSEND = YES;
				ENABLE_TESTABILITY = YES;
				GCC_C_LANGUAGE_STANDARD = gnu11;
				GCC_DYNAMIC_NO_PIC = NO;
				GCC_NO_COMMON_BLOCKS = YES;
				GCC_OPTIMIZATION_LEVEL = 0;
				GCC_PREPROCESSOR_DEFINITIONS = (
					"DEBUG=1",
					"$(inherited)",
				);
				GCC_WARN_64_TO_32_BIT_CONVERSION = YES;
				GCC_WARN_ABOUT_RETURN_TYPE = YES_ERROR;
				GCC_WARN_UNDECLARED_SELECTOR = YES;
				GCC_WARN_UNINITIALIZED_AUTOS = YES_AGGRESSIVE;
				GCC_WARN_UNUSED_FUNCTION = YES;
				GCC_WARN_UNUSED_VARIABLE = YES;
				IPHONEOS_DEPLOYMENT_TARGET = 11.0;
				MTL_ENABLE_DEBUG_INFO = YES;
				ONLY_ACTIVE_ARCH = YES;
				SDKROOT = iphoneos;
			};
			name = Debug;
		};
		1F99A9581F79F9AD00E3B445 /* Release */ = {
			isa = XCBuildConfiguration;
			buildSettings = {
				ALWAYS_SEARCH_USER_PATHS = NO;
				CLANG_ANALYZER_NONNULL = YES;
				CLANG_ANALYZER_NUMBER_OBJECT_CONVERSION = YES_AGGRESSIVE;
				CLANG_CXX_LANGUAGE_STANDARD = "gnu++14";
				CLANG_CXX_LIBRARY = "libc++";
				CLANG_ENABLE_MODULES = YES;
				CLANG_ENABLE_OBJC_ARC = YES;
				CLANG_WARN_BLOCK_CAPTURE_AUTORELEASING = YES;
				CLANG_WARN_BOOL_CONVERSION = YES;
				CLANG_WARN_COMMA = YES;
				CLANG_WARN_CONSTANT_CONVERSION = YES;
				CLANG_WARN_DIRECT_OBJC_ISA_USAGE = YES_ERROR;
				CLANG_WARN_DOCUMENTATION_COMMENTS = YES;
				CLANG_WARN_EMPTY_BODY = YES;
				CLANG_WARN_ENUM_CONVERSION = YES;
				CLANG_WARN_INFINITE_RECURSION = YES;
				CLANG_WARN_INT_CONVERSION = YES;
				CLANG_WARN_NON_LITERAL_NULL_CONVERSION = YES;
				CLANG_WARN_OBJC_LITERAL_CONVERSION = YES;
				CLANG_WARN_OBJC_ROOT_CLASS = YES_ERROR;
				CLANG_WARN_RANGE_LOOP_ANALYSIS = YES;
				CLANG_WARN_STRICT_PROTOTYPES = YES;
				CLANG_WARN_SUSPICIOUS_MOVE = YES;
				CLANG_WARN_UNGUARDED_AVAILABILITY = YES_AGGRESSIVE;
				CLANG_WARN_UNREACHABLE_CODE = YES;
				CLANG_WARN__DUPLICATE_METHOD_MATCH = YES;
				CODE_SIGN_IDENTITY = "iPhone Developer";
				COPY_PHASE_STRIP = NO;
				DEBUG_INFORMATION_FORMAT = "dwarf-with-dsym";
				ENABLE_NS_ASSERTIONS = NO;
				ENABLE_STRICT_OBJC_MSGSEND = YES;
				GCC_C_LANGUAGE_STANDARD = gnu11;
				GCC_NO_COMMON_BLOCKS = YES;
				GCC_WARN_64_TO_32_BIT_CONVERSION = YES;
				GCC_WARN_ABOUT_RETURN_TYPE = YES_ERROR;
				GCC_WARN_UNDECLARED_SELECTOR = YES;
				GCC_WARN_UNINITIALIZED_AUTOS = YES_AGGRESSIVE;
				GCC_WARN_UNUSED_FUNCTION = YES;
				GCC_WARN_UNUSED_VARIABLE = YES;
				IPHONEOS_DEPLOYMENT_TARGET = 11.0;
				MTL_ENABLE_DEBUG_INFO = NO;
				SDKROOT = iphoneos;
				VALIDATE_PRODUCT = YES;
			};
			name = Release;
		};
		1F99A95A1F79F9AD00E3B445 /* Debug */ = {
			isa = XCBuildConfiguration;
			buildSettings = {
				ASSETCATALOG_COMPILER_APPICON_NAME = AppIcon;
				CODE_SIGN_STYLE = Automatic;
				DEVELOPMENT_TEAM = 23C4F26X77;
				INFOPLIST_FILE = SKUDemo/Info.plist;
				LD_RUNPATH_SEARCH_PATHS = "$(inherited) @executable_path/Frameworks";
				PRODUCT_BUNDLE_IDENTIFIER = com.jianye.www.SKUDemo;
				PRODUCT_NAME = "$(TARGET_NAME)";
				TARGETED_DEVICE_FAMILY = "1,2";
			};
			name = Debug;
		};
		1F99A95B1F79F9AD00E3B445 /* Release */ = {
			isa = XCBuildConfiguration;
			buildSettings = {
				ASSETCATALOG_COMPILER_APPICON_NAME = AppIcon;
				CODE_SIGN_STYLE = Automatic;
				DEVELOPMENT_TEAM = 23C4F26X77;
				INFOPLIST_FILE = SKUDemo/Info.plist;
				LD_RUNPATH_SEARCH_PATHS = "$(inherited) @executable_path/Frameworks";
				PRODUCT_BUNDLE_IDENTIFIER = com.jianye.www.SKUDemo;
				PRODUCT_NAME = "$(TARGET_NAME)";
				TARGETED_DEVICE_FAMILY = "1,2";
			};
			name = Release;
		};
/* End XCBuildConfiguration section */

/* Begin XCConfigurationList section */
		1F99A93E1F79F9AD00E3B445 /* Build configuration list for PBXProject "SKUDemo" */ = {
			isa = XCConfigurationList;
			buildConfigurations = (
				1F99A9571F79F9AD00E3B445 /* Debug */,
				1F99A9581F79F9AD00E3B445 /* Release */,
			);
			defaultConfigurationIsVisible = 0;
			defaultConfigurationName = Release;
		};
		1F99A9591F79F9AD00E3B445 /* Build configuration list for PBXNativeTarget "SKUDemo" */ = {
			isa = XCConfigurationList;
			buildConfigurations = (
				1F99A95A1F79F9AD00E3B445 /* Debug */,
				1F99A95B1F79F9AD00E3B445 /* Release */,
			);
			defaultConfigurationIsVisible = 0;
			defaultConfigurationName = Release;
		};
/* End XCConfigurationList section */
	};
	rootObject = 1F99A93B1F79F9AD00E3B445 /* Project object */;
}
